
Microsoft Visual Studio Solution File, Format Version 12.00
# Visual Studio Version 17
VisualStudioVersion = 17.4.32916.344
MinimumVisualStudioVersion = 10.0.40219.1
Project("{9A19103F-16F7-4668-BE54-9A1E7A4F7556}") = "InGameWiki", "InGameWiki\InGameWiki.csproj", "{C01A61E4-EE7E-4033-8CCD-C37E94B9EB19}"
EndProject
Project("{9A19103F-16F7-4668-BE54-9A1E7A4F7556}") = "Mod", "ModEntry\Mod.csproj", "{31F6F517-8C87-4A97-A643-700A31170F31}"
EndProject
Global
	GlobalSection(SolutionConfigurationPlatforms) = preSolution
		v1.2|Any CPU = v1.2|Any CPU
		v1.3|Any CPU = v1.3|Any CPU
		v1.4|Any CPU = v1.4|Any CPU
		v1.5|Any CPU = v1.5|Any CPU
	EndGlobalSection
	GlobalSection(ProjectConfigurationPlatforms) = postSolution
		{C01A61E4-EE7E-4033-8CCD-C37E94B9EB19}.v1.2|Any CPU.ActiveCfg = v1.2|Any CPU
		{C01A61E4-EE7E-4033-8CCD-C37E94B9EB19}.v1.2|Any CPU.Build.0 = v1.2|Any CPU
		{C01A61E4-EE7E-4033-8CCD-C37E94B9EB19}.v1.3|Any CPU.ActiveCfg = v1.3|Any CPU
		{C01A61E4-EE7E-4033-8CCD-C37E94B9EB19}.v1.3|Any CPU.Build.0 = v1.3|Any CPU
		{C01A61E4-EE7E-4033-8CCD-C37E94B9EB19}.v1.4|Any CPU.ActiveCfg = v1.4|Any CPU
		{C01A61E4-EE7E-4033-8CCD-C37E94B9EB19}.v1.4|Any CPU.Build.0 = v1.4|Any CPU
		{C01A61E4-EE7E-4033-8CCD-C37E94B9EB19}.v1.5|Any CPU.ActiveCfg = v1.5|Any CPU
		{C01A61E4-EE7E-4033-8CCD-C37E94B9EB19}.v1.5|Any CPU.Build.0 = v1.5|Any CPU
		{31F6F517-8C87-4A97-A643-700A31170F31}.v1.2|Any CPU.ActiveCfg = v1.2|Any CPU
		{31F6F517-8C87-4A97-A643-700A31170F31}.v1.2|Any CPU.Build.0 = v1.2|Any CPU
		{31F6F517-8C87-4A97-A643-700A31170F31}.v1.3|Any CPU.ActiveCfg = v1.3|Any CPU
		{31F6F517-8C87-4A97-A643-700A31170F31}.v1.3|Any CPU.Build.0 = v1.3|Any CPU
		{31F6F517-8C87-4A97-A643-700A31170F31}.v1.4|Any CPU.ActiveCfg = v1.4|Any CPU
		{31F6F517-8C87-4A97-A643-700A31170F31}.v1.4|Any CPU.Build.0 = v1.4|Any CPU
		{31F6F517-8C87-4A97-A643-700A31170F31}.v1.5|Any CPU.ActiveCfg = v1.5|Any CPU
		{31F6F517-8C87-4A97-A643-700A31170F31}.v1.5|Any CPU.Build.0 = v1.5|Any CPU
	EndGlobalSection
	GlobalSection(SolutionProperties) = preSolution
		HideSolutionNode = FALSE
	EndGlobalSection
	GlobalSection(ExtensibilityGlobals) = postSolution
		SolutionGuid = {FBF66CF5-4B47-4A4B-BDF1-A08339279216}
	EndGlobalSection
EndGlobal
